
Microsoft Visual Studio Solution File, Format Version 12.00
# Visual Studio Version 17
VisualStudioVersion = 17.0.31919.166
MinimumVisualStudioVersion = 10.0.40219.1
Project("{FAE04EC0-301F-11D3-BF4B-00C04F79EFBC}") = "ProductApp", "ProductApp\ProductApp.csproj", "{56438270-3459-48F4-8EAD-2DED18372A33}"
EndProject
Global
	GlobalSection(SolutionConfigurationPlatforms) = preSolution
		Debug|Any CPU = Debug|Any CPU
		Release|Any CPU = Release|Any CPU
	EndGlobalSection
	GlobalSection(ProjectConfigurationPlatforms) = postSolution
		{56438270-3459-48F4-8EAD-2DED18372A33}.Debug|Any CPU.ActiveCfg = Debug|Any CPU
		{56438270-3459-48F4-8EAD-2DED18372A33}.Debug|Any CPU.Build.0 = Debug|Any CPU
		{56438270-3459-48F4-8EAD-2DED18372A33}.Release|Any CPU.ActiveCfg = Release|Any CPU
		{56438270-3459-48F4-8EAD-2DED18372A33}.Release|Any CPU.Build.0 = Release|Any CPU
	EndGlobalSection
	GlobalSection(SolutionProperties) = preSolution
		HideSolutionNode = FALSE
	EndGlobalSection
	GlobalSection(ExtensibilityGlobals) = postSolution
		SolutionGuid = {3957C50E-9E6B-4C6F-AC10-D14392EF4BB9}
	EndGlobalSection
EndGlobal
